
Microsoft Visual Studio Solution File, Format Version 12.00
# Visual Studio Version 17
VisualStudioVersion = 17.4.33403.182
MinimumVisualStudioVersion = 10.0.40219.1
Project("{FAE04EC0-301F-11D3-BF4B-00C04F79EFBC}") = "Tasks", "Tasks\Tasks.csproj", "{7E11FE4E-25CB-47F2-9F4B-104E13BE49DD}"
EndProject
Global
	GlobalSection(SolutionConfigurationPlatforms) = preSolution
		Debug|Any CPU = Debug|Any CPU
		Release|Any CPU = Release|Any CPU
	EndGlobalSection
	GlobalSection(ProjectConfigurationPlatforms) = postSolution
		{7E11FE4E-25CB-47F2-9F4B-104E13BE49DD}.Debug|Any CPU.ActiveCfg = Debug|Any CPU
		{7E11FE4E-25CB-47F2-9F4B-104E13BE49DD}.Debug|Any CPU.Build.0 = Debug|Any CPU
		{7E11FE4E-25CB-47F2-9F4B-104E13BE49DD}.Release|Any CPU.ActiveCfg = Release|Any CPU
		{7E11FE4E-25CB-47F2-9F4B-104E13BE49DD}.Release|Any CPU.Build.0 = Release|Any CPU
	EndGlobalSection
	GlobalSection(SolutionProperties) = preSolution
		HideSolutionNode = FALSE
	EndGlobalSection
	GlobalSection(ExtensibilityGlobals) = postSolution
		SolutionGuid = {4073B04F-3FDC-465E-B06D-BBC4F38F03A0}
	EndGlobalSection
EndGlobal
